{
  "version": 2,
  "dependencies": {
    "net10.0": {
      "AsyncAwaitBestPractices": {
        "type": "Direct",
        "requested": "[10.0.0, )",
        "resolved": "10.0.0",
        "contentHash": "HRK/K4MSlx0b3FZ+LMP3ZvbTS+Ts361lhwp47CQZaESX/9cl5UIKOC0fWb5AbGNZxj96pKRvl7/Wrxj/J8LG/g=="
      },
      "CSharpGuidelinesAnalyzer": {
        "type": "Direct",
        "requested": "[3.8.5, )",
        "resolved": "3.8.5",
        "contentHash": "B6wCJI2akqID1NowxX+5NAvokUoZBSbXANHREwSfLrrvtaZVuMIG33855hVJXVO8gSuo/b/Wr5H9xxWf75cV7A=="
      },
      "ErrorProne.NET.CoreAnalyzers": {
        "type": "Direct",
        "requested": "[0.6.1-beta.1, )",
        "resolved": "0.6.1-beta.1",
        "contentHash": "GTARAP2zT0bWrOECP0NPJTFvDNpUSM20UivoYtz5fS65xIRc9b0vpj4YAozQCo4VfJ2L2EqzF4Cl4ZJu8Jx4TQ=="
      },
      "Meziantou.Analyzer": {
        "type": "Direct",
        "requested": "[3.0.58, )",
        "resolved": "3.0.58",
        "contentHash": "EWprZh8ONB5W4T5lajB9H3/ThznWgEVbb8sWkIZe2ZOCRPPzAdLxkFfM8z57SosJtUYGxPXvxlqGmClxw8mA9g=="
      },
      "Microsoft.NET.ILLink.Tasks": {
        "type": "Direct",
        "requested": "[10.0.5, )",
        "resolved": "10.0.5",
        "contentHash": "A+5ZuQ0f449tM+MQrhf6R9ZX7lYpjk/ODEwLYKrnF6111rtARx8fVsm4YznUnQiKnnXfaXNBqgxmil6RW3L3SA=="
      },
      "Microsoft.SourceLink.GitHub": {
        "type": "Direct",
        "requested": "[10.0.203, )",
        "resolved": "10.0.203",
        "contentHash": "R4Tvr1oACImMS+Y5M7NM07ll9QyJSKnki3Dvz8QwG1W6FEmd+9fmZXAF6BE6UPswHF6n0v41wgMQGlaudOspqA==",
        "dependencies": {
          "Microsoft.Build.Tasks.Git": "10.0.203",
          "Microsoft.SourceLink.Common": "10.0.203",
          "System.IO.Hashing": "10.0.7"
        }
      },
      "Microsoft.VisualStudio.Threading.Analyzers": {
        "type": "Direct",
        "requested": "[17.14.15, )",
        "resolved": "17.14.15",
        "contentHash": "mXQPJsbuUD2ydq4/ffd8h8tSOFCXec+2xJOVNCvXjuMOq/+5EKHq3D2m2MC2+nUaXeFMSt66VS/J4HdKBixgcw=="
      },
      "NewStyleCop.Analyzers": {
        "type": "Direct",
        "requested": "[1.2.1, )",
        "resolved": "1.2.1",
        "contentHash": "20cG97DtMBpl6bPZ8Ito8JBidTusgP71x3SUcEMSQ08XIdX1ArVixtY2UK7aUi/GN3qCP2Ryp0U9AbtrYqBCzQ=="
      },
      "Roslynator.Analyzers": {
        "type": "Direct",
        "requested": "[4.15.0, )",
        "resolved": "4.15.0",
        "contentHash": "E8fu71Y+vzhniJKy1K13Rzwm8Vjcj7CDFBpflqncKUZfc3SzuF0kMBiyMmgXNPkjWTdE3Z+30HlGgYjHONZY/Q=="
      },
      "Roslynator.Formatting.Analyzers": {
        "type": "Direct",
        "requested": "[4.15.0, )",
        "resolved": "4.15.0",
        "contentHash": "/LvSJGJbrx+OYC2GePmiAA9fRTfz37R/oaHC2j8YK/j9lE8ykZESCGTMVGqXF5woc6RbzfJlpYkzeG6fAV6hFQ=="
      },
      "SecurityCodeScan.VS2019": {
        "type": "Direct",
        "requested": "[5.6.7, )",
        "resolved": "5.6.7",
        "contentHash": "WIE9RJswdSc2j+rLz2gW6U+gMUjMHzY2j7C/CL8/R2olXNM/+twarfMnWqm+rZodDBvaYDApJyxM8mVYf9FGrQ=="
      },
      "SerilogAnalyzer": {
        "type": "Direct",
        "requested": "[0.15.0, )",
        "resolved": "0.15.0",
        "contentHash": "sVpwfls4MfNnwIXLSGCgaUnV+c9kgJ8ia6GsyRcpd4Vs3gLogSDtSYBYrre2K2u/PNMo8GgG09RehwVnze70Tw=="
      },
      "SmartAnalyzers.ExceptionAnalyzer": {
        "type": "Direct",
        "requested": "[1.0.10, )",
        "resolved": "1.0.10",
        "contentHash": "vK2QCxSPUDXvxvgf60qqnHzpsNvW4D5yJpOyTKQbr8odSPw4M1GmDIUJuILfQo/QJb/FAE2Zzebr9pNpmbjxdw=="
      },
      "SonarAnalyzer.CSharp": {
        "type": "Direct",
        "requested": "[10.25.0.139117, )",
        "resolved": "10.25.0.139117",
        "contentHash": "2iBZIkcgsaUNyIPFqR9ECv5PLbAwV9I/v/PeEiMdkfhWEAnqD7VyNXzukQDlL/D24f5OoUc4MbWF5SgYI7x3CA=="
      },
      "StackExchange.Redis.Analyzer": {
        "type": "Direct",
        "requested": "[1.3.3, )",
        "resolved": "1.3.3",
        "contentHash": "5kYs4l+DngqjJkGW2cOidpwPdFvjw6jTEwg5IPNQW55pGCzkflD+WFKAK+IAFrMAgHHMGsd/ynfboNuXFQ/I+A=="
      },
      "Finbuckle.MultiTenant.Abstractions": {
        "type": "Transitive",
        "resolved": "10.0.6",
        "contentHash": "tXVr3GPLoTJPxawNC5bdolr5b6ZeWsVQk8X75HJCUlsxxMEQXftbQX7eWUd7dD9brnEa8Jk5DaSyltFZXd8snw=="
      },
      "Microsoft.Build.Tasks.Git": {
        "type": "Transitive",
        "resolved": "10.0.203",
        "contentHash": "m56WtzvIcL6t7JR3c7ogYitHizNM2QnRSo8yqxrQi+m5E/GGyDEmqymP+2p6YsFXn0j/Tzz67s4FQnrTLC7GKQ==",
        "dependencies": {
          "System.IO.Hashing": "10.0.7"
        }
      },
      "Microsoft.Extensions.Caching.Abstractions": {
        "type": "Transitive",
        "resolved": "10.0.7",
        "contentHash": "pUDgQKEqNUFlerDIFRg7zzoDVRPEWIG7nR40h8Gzg8RXza4Ry0lWZ7u91bmwu3iUDCxw3Dv6TLHVFoAgY0gy7Q==",
        "dependencies": {
          "Microsoft.Extensions.Primitives": "10.0.7"
        }
      },
      "Microsoft.Extensions.Configuration.Binder": {
        "type": "Transitive",
        "resolved": "10.0.7",
        "contentHash": "8bS1qIaRivny+WX+49pmeJ6iAylbtX8C0DLEcCQWZjdxQvLqaMssXiGD9P/6pYElrHbK5/nAHmjbQ8STqdMYeg==",
        "dependencies": {
          "Microsoft.Extensions.Configuration": "10.0.7",
          "Microsoft.Extensions.Configuration.Abstractions": "10.0.7"
        }
      },
      "Microsoft.Extensions.Diagnostics": {
        "type": "Transitive",
        "resolved": "10.0.7",
        "contentHash": "l+smp1qPlU0OUXD0OGfdp7OUFrbdq7ZaP5T7m2WpfZ4RFKD7iG73BAT7tjSMxNmbSXkhAn1jYHOAqzYG1r9sNg==",
        "dependencies": {
          "Microsoft.Extensions.Configuration": "10.0.7",
          "Microsoft.Extensions.Diagnostics.Abstractions": "10.0.7",
          "Microsoft.Extensions.Options.ConfigurationExtensions": "10.0.7"
        }
      },
      "Microsoft.Extensions.Diagnostics.Abstractions": {
        "type": "Transitive",
        "resolved": "10.0.7",
        "contentHash": "uJ9JP677y+uy+C0vtaSfi7XXgFAdz8DhU3M9lwwIXDfQKcyQ0yxM9DVYa0NXDtdVTYA2eBUtVFZ8LY0GCdeE/w==",
        "dependencies": {
          "Microsoft.Extensions.DependencyInjection.Abstractions": "10.0.7",
          "Microsoft.Extensions.Options": "10.0.7"
        }
      },
      "Microsoft.Extensions.Logging": {
        "type": "Transitive",
        "resolved": "10.0.7",
        "contentHash": "hOeRIQ63GkgiYCB/MIFp+LQs8aXpJXpB55t6Aj37ab7t2/6WeFcPXxYM9hdy/o5tffzwf8mhqzLJP6mjGYCxjw==",
        "dependencies": {
          "Microsoft.Extensions.DependencyInjection": "10.0.7",
          "Microsoft.Extensions.Logging.Abstractions": "10.0.7",
          "Microsoft.Extensions.Options": "10.0.7"
        }
      },
      "Microsoft.Extensions.Primitives": {
        "type": "Transitive",
        "resolved": "10.0.7",
        "contentHash": "D5M0Jr551iTgwkZMN9rm0pSkgNLj5quUWQUmQPMZh7k/bnvZTnXRGfE2KuvXf1EEjt/ofD9yw9IumpgdP9QCnw=="
      },
      "Microsoft.SourceLink.Common": {
        "type": "Transitive",
        "resolved": "10.0.203",
        "contentHash": "QYAnhBCOkT3ZUT/fHag11+bamwlbZ3U9Vi/WfKrD9emdUf1t3aqjWv0V2KtEGHSRSC81aBc8Oy/mvyGpEYd9Pg=="
      },
      "System.IO.Hashing": {
        "type": "Transitive",
        "resolved": "10.0.7",
        "contentHash": "6hsjdSr4VOXSOnhALkYplHpAxnTG1J33YN42IB6nH2fEg4QnJqrZ4Ft+qn7mkrKAOYC8pCSFYwVWw6rQbmwgLQ=="
      },
      "sharedkernel.core": {
        "type": "Project",
        "dependencies": {
          "Ardalis.SmartEnum": "[8.2.0, )",
          "Ardalis.Specification": "[9.3.1, )",
          "AsyncAwaitBestPractices": "[10.0.0, )",
          "ErrorOr": "[2.0.1, )",
          "Finbuckle.MultiTenant": "[10.0.6, )",
          "Mediator.Abstractions": "[3.0.2, )",
          "Nanoid": "[3.1.0, )",
          "NewId": "[4.0.1, )"
        }
      },
      "Ardalis.SmartEnum": {
        "type": "CentralTransitive",
        "requested": "[8.2.0, )",
        "resolved": "8.2.0",
        "contentHash": "P1CLI2okpzHjOJnZMYLnzcyu1/fUJEYK1X4JSnal2TPmovrUTtXK6Sn78D2JgKUdwjSeWddnRveMj+BEZoksvg=="
      },
      "Ardalis.Specification": {
        "type": "CentralTransitive",
        "requested": "[9.3.1, )",
        "resolved": "9.3.1",
        "contentHash": "GWrE6BA0smWFLbN+XPU2l5rDF9Uzelfbb3w35jJ0CGIat+p1ChbtLcbkvYRMEculBHOAo12omwAAOm3VFWkoJQ=="
      },
      "ErrorOr": {
        "type": "CentralTransitive",
        "requested": "[2.0.1, )",
        "resolved": "2.0.1",
        "contentHash": "aje9lUVEAsusPFmaRcVM5EUqWBofd7hYtb9N8+ycgPYrtOzyFajMpzRgIO4uuiCllNLBc3x48+cpA+4v4koUDQ=="
      },
      "Finbuckle.MultiTenant": {
        "type": "CentralTransitive",
        "requested": "[10.0.6, )",
        "resolved": "10.0.6",
        "contentHash": "H+tENriHqjtf4BXO4Hdbbvl6MxHjCbnt308E+LeArkZkdHnaB3DKQvQkno6mm30Nd+XIRFlL4guXhbbdBhVF3A==",
        "dependencies": {
          "Finbuckle.MultiTenant.Abstractions": "10.0.6",
          "Microsoft.Extensions.Caching.Abstractions": "10.0.7",
          "Microsoft.Extensions.Configuration": "10.0.7",
          "Microsoft.Extensions.DependencyInjection": "10.0.7",
          "Microsoft.Extensions.Http": "10.0.7",
          "Microsoft.Extensions.Logging": "10.0.7",
          "Microsoft.Extensions.Options": "10.0.7",
          "Microsoft.Extensions.Options.ConfigurationExtensions": "10.0.7"
        }
      },
      "Mediator.Abstractions": {
        "type": "CentralTransitive",
        "requested": "[3.0.2, )",
        "resolved": "3.0.2",
        "contentHash": "TytjnyN8gLObZBxkM7HHPFJF3LHtk6Y8mHW56ONuXRuVEK6Fmed3f0z79H9TpmoZQP2zQAIS4/0O9R2w0v02qw==",
        "dependencies": {
          "Microsoft.Extensions.DependencyInjection.Abstractions": "8.0.0"
        }
      },
      "Microsoft.Extensions.Configuration": {
        "type": "CentralTransitive",
        "requested": "[10.0.7, )",
        "resolved": "10.0.7",
        "contentHash": "wZbGh7J8R1vXN525O6d8dlcDTxhRTnd5MyW4LdfP5S0tSnTwTCseYSrq6g0Mxh7W9xn8P/2xPuf0D/m6k2dy2w==",
        "dependencies": {
          "Microsoft.Extensions.Configuration.Abstractions": "10.0.7",
          "Microsoft.Extensions.Primitives": "10.0.7"
        }
      },
      "Microsoft.Extensions.Configuration.Abstractions": {
        "type": "CentralTransitive",
        "requested": "[10.0.7, )",
        "resolved": "10.0.7",
        "contentHash": "t56nEgvECcyLPojZIUFWJknQQDAbgfTf9J+QMYJE1YYvVgz69vN6B/AKL8Grvj3Lcnp8kTpNqwmwFhb3YLJmtQ==",
        "dependencies": {
          "Microsoft.Extensions.Primitives": "10.0.7"
        }
      },
      "Microsoft.Extensions.DependencyInjection": {
        "type": "CentralTransitive",
        "requested": "[10.0.7, )",
        "resolved": "10.0.7",
        "contentHash": "91F/o3emPV/+xY/ip3s2LqDNF14kjttlVtq0BXgg6p4MnCzeSZxnUJm+t6WRrtD3JdGo88/oX+z7OwK4y8PZuw==",
        "dependencies": {
          "Microsoft.Extensions.DependencyInjection.Abstractions": "10.0.7"
        }
      },
      "Microsoft.Extensions.DependencyInjection.Abstractions": {
        "type": "CentralTransitive",
        "requested": "[10.0.7, )",
        "resolved": "10.0.7",
        "contentHash": "Z6mfFEaFcwCfSboxJwOLfu7/31npCY9q70WUamHW/vRQhDvBKOT4Vf9YkZj5J6hLvJpb0oDEYfHunQZj0xxvKw=="
      },
      "Microsoft.Extensions.Http": {
        "type": "CentralTransitive",
        "requested": "[10.0.7, )",
        "resolved": "10.0.7",
        "contentHash": "1wbd+RPhRo3hJKNJhdGEO5ls0LGe55Ho4BUjlFtRUrWxDVVBd7g0Ydq9fbNy86pmvx/j7AGcSPo7YNCo1IRI6Q==",
        "dependencies": {
          "Microsoft.Extensions.Configuration.Abstractions": "10.0.7",
          "Microsoft.Extensions.DependencyInjection.Abstractions": "10.0.7",
          "Microsoft.Extensions.Diagnostics": "10.0.7",
          "Microsoft.Extensions.Logging": "10.0.7",
          "Microsoft.Extensions.Logging.Abstractions": "10.0.7",
          "Microsoft.Extensions.Options": "10.0.7"
        }
      },
      "Microsoft.Extensions.Logging.Abstractions": {
        "type": "CentralTransitive",
        "requested": "[10.0.7, )",
        "resolved": "10.0.7",
        "contentHash": "tIEcQ2gvERrH2KiCjdsVcHGhXt9lIsuDStfOIeZWr7/fP8IXhGiYfx0/80PNI7WPO2IYuFtlZLSlnTS8+/Mchw==",
        "dependencies": {
          "Microsoft.Extensions.DependencyInjection.Abstractions": "10.0.7"
        }
      },
      "Microsoft.Extensions.Options": {
        "type": "CentralTransitive",
        "requested": "[10.0.7, )",
        "resolved": "10.0.7",
        "contentHash": "00SHUGTh2jSMvIr6x9Xwd2nE+B5/qFCO/9hDwUDhJsjYRDlADmaBZ7tqehXzBDsfjHSXJzuRHJzPYPPjphBQ7Q==",
        "dependencies": {
          "Microsoft.Extensions.DependencyInjection.Abstractions": "10.0.7",
          "Microsoft.Extensions.Primitives": "10.0.7"
        }
      },
      "Microsoft.Extensions.Options.ConfigurationExtensions": {
        "type": "CentralTransitive",
        "requested": "[10.0.7, )",
        "resolved": "10.0.7",
        "contentHash": "IT7f+EMXZtkjatEcF+o6aOw/7OE4etRrMiDGEWH/iiTu2R3uhC4NEQJCfHiibtX45U3sIQ5Fh6tbb1qaOz3YAg==",
        "dependencies": {
          "Microsoft.Extensions.Configuration.Abstractions": "10.0.7",
          "Microsoft.Extensions.Configuration.Binder": "10.0.7",
          "Microsoft.Extensions.DependencyInjection.Abstractions": "10.0.7",
          "Microsoft.Extensions.Options": "10.0.7",
          "Microsoft.Extensions.Primitives": "10.0.7"
        }
      },
      "Nanoid": {
        "type": "CentralTransitive",
        "requested": "[3.1.0, )",
        "resolved": "3.1.0",
        "contentHash": "5vhxZ+1iVH213boPsR3KYQXWObZQcaGvLU9ytTroWJFeVzV2EFAtGgrmMpb8BCxd+KWeBASniZLzd3UQ0tkhRQ=="
      },
      "NewId": {
        "type": "CentralTransitive",
        "requested": "[4.0.1, )",
        "resolved": "4.0.1",
        "contentHash": "jegBasNndmG21G3BmT51suFDCIz/sLN81j+IxmkZ4iWoaDi8LygeHiyNnYbXz5OQh9nCRJFIx1+PJrlYi1Gc9Q=="
      }
    },
    "net10.0/linux-musl-arm64": {},
    "net10.0/linux-musl-x64": {}
  }
}